
Microsoft Visual Studio Solution File, Format Version 12.00
# Visual Studio Version 17
VisualStudioVersion = 17.13.35931.197 d17.13
MinimumVisualStudioVersion = 10.0.40219.1
Project("{FAE04EC0-301F-11D3-BF4B-00C04F79EFBC}") = "FirstDegree", "FirstDegree\FirstDegree.csproj", "{C0D1C785-05C5-4CA7-8C5B-2CCE20B8FE3C}"
EndProject
Global
	GlobalSection(SolutionConfigurationPlatforms) = preSolution
		Debug|Any CPU = Debug|Any CPU
		Release|Any CPU = Release|Any CPU
	EndGlobalSection
	GlobalSection(ProjectConfigurationPlatforms) = postSolution
		{C0D1C785-05C5-4CA7-8C5B-2CCE20B8FE3C}.Debug|Any CPU.ActiveCfg = Debug|Any CPU
		{C0D1C785-05C5-4CA7-8C5B-2CCE20B8FE3C}.Debug|Any CPU.Build.0 = Debug|Any CPU
		{C0D1C785-05C5-4CA7-8C5B-2CCE20B8FE3C}.Release|Any CPU.ActiveCfg = Release|Any CPU
		{C0D1C785-05C5-4CA7-8C5B-2CCE20B8FE3C}.Release|Any CPU.Build.0 = Release|Any CPU
	EndGlobalSection
	GlobalSection(SolutionProperties) = preSolution
		HideSolutionNode = FALSE
	EndGlobalSection
	GlobalSection(ExtensibilityGlobals) = postSolution
		SolutionGuid = {20551F05-7FED-40F7-BA8D-4A3E93D1FDEF}
	EndGlobalSection
EndGlobal
